
Microsoft Visual Studio Solution File, Format Version 12.00
# Visual Studio 15
VisualStudioVersion = 15.0.26430.6
MinimumVisualStudioVersion = 10.0.40219.1
Project("{FAE04EC0-301F-11D3-BF4B-00C04F79EFBC}") = "SignUp.Web", "SignUp.Web\SignUp.Web.csproj", "{17A57CF4-A6C1-47C1-AA38-650DB6D87F8F}"
EndProject
Project("{FAE04EC0-301F-11D3-BF4B-00C04F79EFBC}") = "SignUp.Model", "SignUp.Model\SignUp.Model.csproj", "{3AFC4A48-5DB6-48FF-A459-20EC21A2EB28}"
EndProject
Project("{2150E333-8FDC-42A3-9474-1A3956D46DE8}") = "Tests", "Tests", "{4AAE4C5C-129D-46D3-9B08-19F32FB8C60D}"
EndProject
Project("{FAE04EC0-301F-11D3-BF4B-00C04F79EFBC}") = "SignUp.MessageHandlers.SaveProspect", "SignUp.MessageHandlers.SaveProspect\SignUp.MessageHandlers.SaveProspect.csproj", "{65089C80-27F1-4744-979B-4C5A33B0CFF6}"
EndProject
Project("{FAE04EC0-301F-11D3-BF4B-00C04F79EFBC}") = "SignUp.EndToEndTests", "SignUp.EndToEndTests\SignUp.EndToEndTests.csproj", "{D47CF813-DE0E-4CC4-B9ED-8EE4B6F14869}"
EndProject
Project("{2150E333-8FDC-42A3-9474-1A3956D46DE8}") = "Setup", "Setup", "{21D18207-79FA-4F3E-BB78-7A3620F6978A}"
EndProject
Project("{930C7802-8A8C-48F9-8165-68863BCCD9DD}") = "SignUp.Web.Setup", "SignUp.Web.Setup\SignUp.Web.Setup.wixproj", "{3AC213A8-201D-407E-9784-F418B664E206}"
EndProject
Project("{9A19103F-16F7-4668-BE54-9A1E7A4F7556}") = "SignUp.Entities", "SignUp.Entities\SignUp.Entities.csproj", "{76F9894E-72B3-4D37-B79B-3548F09F1231}"
EndProject
Project("{9A19103F-16F7-4668-BE54-9A1E7A4F7556}") = "SignUp.Messaging", "SignUp.Messaging\SignUp.Messaging.csproj", "{EAF3E985-6A9A-4A6C-A599-3C5467D67189}"
	ProjectSection(ProjectDependencies) = postProject
		{76F9894E-72B3-4D37-B79B-3548F09F1231} = {76F9894E-72B3-4D37-B79B-3548F09F1231}
	EndProjectSection
EndProject
Project("{2150E333-8FDC-42A3-9474-1A3956D46DE8}") = "Api", "Api", "{FF69FB35-AFA0-4F78-8394-ABE2F9F50157}"
EndProject
Project("{9A19103F-16F7-4668-BE54-9A1E7A4F7556}") = "SignUp.Api.ReferenceData", "SignUp.Api.ReferenceData\SignUp.Api.ReferenceData.csproj", "{FDFDB332-7255-4E8D-82A6-0BDFA84EA464}"
EndProject
Project("{2150E333-8FDC-42A3-9474-1A3956D46DE8}") = "MessageHandler", "MessageHandler", "{3BD12D5F-431F-4C27-B5EC-5C7633A47BE1}"
EndProject
Project("{FAE04EC0-301F-11D3-BF4B-00C04F79EFBC}") = "SignUp.MessageHandler.IndexProspect", "SignUp.MessageHandler.IndexProspect\SignUp.MessageHandler.IndexProspect.csproj", "{A9BAD5C3-B9F9-45C5-9B70-4908931CD612}"
EndProject
Global
	GlobalSection(SolutionConfigurationPlatforms) = preSolution
		Debug|Any CPU = Debug|Any CPU
		Debug|x86 = Debug|x86
		Release|Any CPU = Release|Any CPU
		Release|x86 = Release|x86
	EndGlobalSection
	GlobalSection(ProjectConfigurationPlatforms) = postSolution
		{17A57CF4-A6C1-47C1-AA38-650DB6D87F8F}.Debug|Any CPU.ActiveCfg = Debug|Any CPU
		{17A57CF4-A6C1-47C1-AA38-650DB6D87F8F}.Debug|Any CPU.Build.0 = Debug|Any CPU
		{17A57CF4-A6C1-47C1-AA38-650DB6D87F8F}.Debug|x86.ActiveCfg = Debug|Any CPU
		{17A57CF4-A6C1-47C1-AA38-650DB6D87F8F}.Debug|x86.Build.0 = Debug|Any CPU
		{17A57CF4-A6C1-47C1-AA38-650DB6D87F8F}.Release|Any CPU.ActiveCfg = Release|Any CPU
		{17A57CF4-A6C1-47C1-AA38-650DB6D87F8F}.Release|Any CPU.Build.0 = Release|Any CPU
		{17A57CF4-A6C1-47C1-AA38-650DB6D87F8F}.Release|x86.ActiveCfg = Release|Any CPU
		{17A57CF4-A6C1-47C1-AA38-650DB6D87F8F}.Release|x86.Build.0 = Release|Any CPU
		{3AFC4A48-5DB6-48FF-A459-20EC21A2EB28}.Debug|Any CPU.ActiveCfg = Debug|Any CPU
		{3AFC4A48-5DB6-48FF-A459-20EC21A2EB28}.Debug|Any CPU.Build.0 = Debug|Any CPU
		{3AFC4A48-5DB6-48FF-A459-20EC21A2EB28}.Debug|x86.ActiveCfg = Debug|Any CPU
		{3AFC4A48-5DB6-48FF-A459-20EC21A2EB28}.Debug|x86.Build.0 = Debug|Any CPU
		{3AFC4A48-5DB6-48FF-A459-20EC21A2EB28}.Release|Any CPU.ActiveCfg = Release|Any CPU
		{3AFC4A48-5DB6-48FF-A459-20EC21A2EB28}.Release|Any CPU.Build.0 = Release|Any CPU
		{3AFC4A48-5DB6-48FF-A459-20EC21A2EB28}.Release|x86.ActiveCfg = Release|Any CPU
		{3AFC4A48-5DB6-48FF-A459-20EC21A2EB28}.Release|x86.Build.0 = Release|Any CPU
		{65089C80-27F1-4744-979B-4C5A33B0CFF6}.Debug|Any CPU.ActiveCfg = Debug|Any CPU
		{65089C80-27F1-4744-979B-4C5A33B0CFF6}.Debug|Any CPU.Build.0 = Debug|Any CPU
		{65089C80-27F1-4744-979B-4C5A33B0CFF6}.Debug|x86.ActiveCfg = Debug|Any CPU
		{65089C80-27F1-4744-979B-4C5A33B0CFF6}.Debug|x86.Build.0 = Debug|Any CPU
		{65089C80-27F1-4744-979B-4C5A33B0CFF6}.Release|Any CPU.ActiveCfg = Release|Any CPU
		{65089C80-27F1-4744-979B-4C5A33B0CFF6}.Release|Any CPU.Build.0 = Release|Any CPU
		{65089C80-27F1-4744-979B-4C5A33B0CFF6}.Release|x86.ActiveCfg = Release|Any CPU
		{65089C80-27F1-4744-979B-4C5A33B0CFF6}.Release|x86.Build.0 = Release|Any CPU
		{D47CF813-DE0E-4CC4-B9ED-8EE4B6F14869}.Debug|Any CPU.ActiveCfg = Debug|Any CPU
		{D47CF813-DE0E-4CC4-B9ED-8EE4B6F14869}.Debug|Any CPU.Build.0 = Debug|Any CPU
		{D47CF813-DE0E-4CC4-B9ED-8EE4B6F14869}.Debug|x86.ActiveCfg = Debug|Any CPU
		{D47CF813-DE0E-4CC4-B9ED-8EE4B6F14869}.Debug|x86.Build.0 = Debug|Any CPU
		{D47CF813-DE0E-4CC4-B9ED-8EE4B6F14869}.Release|Any CPU.ActiveCfg = Release|Any CPU
		{D47CF813-DE0E-4CC4-B9ED-8EE4B6F14869}.Release|Any CPU.Build.0 = Release|Any CPU
		{D47CF813-DE0E-4CC4-B9ED-8EE4B6F14869}.Release|x86.ActiveCfg = Release|Any CPU
		{D47CF813-DE0E-4CC4-B9ED-8EE4B6F14869}.Release|x86.Build.0 = Release|Any CPU
		{3AC213A8-201D-407E-9784-F418B664E206}.Debug|Any CPU.ActiveCfg = Debug|x86
		{3AC213A8-201D-407E-9784-F418B664E206}.Debug|x86.ActiveCfg = Debug|x86
		{3AC213A8-201D-407E-9784-F418B664E206}.Debug|x86.Build.0 = Debug|x86
		{3AC213A8-201D-407E-9784-F418B664E206}.Release|Any CPU.ActiveCfg = Release|x86
		{3AC213A8-201D-407E-9784-F418B664E206}.Release|x86.ActiveCfg = Release|x86
		{3AC213A8-201D-407E-9784-F418B664E206}.Release|x86.Build.0 = Release|x86
		{76F9894E-72B3-4D37-B79B-3548F09F1231}.Debug|Any CPU.ActiveCfg = Debug|Any CPU
		{76F9894E-72B3-4D37-B79B-3548F09F1231}.Debug|Any CPU.Build.0 = Debug|Any CPU
		{76F9894E-72B3-4D37-B79B-3548F09F1231}.Debug|x86.ActiveCfg = Debug|Any CPU
		{76F9894E-72B3-4D37-B79B-3548F09F1231}.Debug|x86.Build.0 = Debug|Any CPU
		{76F9894E-72B3-4D37-B79B-3548F09F1231}.Release|Any CPU.ActiveCfg = Release|Any CPU
		{76F9894E-72B3-4D37-B79B-3548F09F1231}.Release|Any CPU.Build.0 = Release|Any CPU
		{76F9894E-72B3-4D37-B79B-3548F09F1231}.Release|x86.ActiveCfg = Release|Any CPU
		{76F9894E-72B3-4D37-B79B-3548F09F1231}.Release|x86.Build.0 = Release|Any CPU
		{EAF3E985-6A9A-4A6C-A599-3C5467D67189}.Debug|Any CPU.ActiveCfg = Debug|Any CPU
		{EAF3E985-6A9A-4A6C-A599-3C5467D67189}.Debug|Any CPU.Build.0 = Debug|Any CPU
		{EAF3E985-6A9A-4A6C-A599-3C5467D67189}.Debug|x86.ActiveCfg = Debug|Any CPU
		{EAF3E985-6A9A-4A6C-A599-3C5467D67189}.Debug|x86.Build.0 = Debug|Any CPU
		{EAF3E985-6A9A-4A6C-A599-3C5467D67189}.Release|Any CPU.ActiveCfg = Release|Any CPU
		{EAF3E985-6A9A-4A6C-A599-3C5467D67189}.Release|Any CPU.Build.0 = Release|Any CPU
		{EAF3E985-6A9A-4A6C-A599-3C5467D67189}.Release|x86.ActiveCfg = Release|Any CPU
		{EAF3E985-6A9A-4A6C-A599-3C5467D67189}.Release|x86.Build.0 = Release|Any CPU
		{FDFDB332-7255-4E8D-82A6-0BDFA84EA464}.Debug|Any CPU.ActiveCfg = Debug|Any CPU
		{FDFDB332-7255-4E8D-82A6-0BDFA84EA464}.Debug|Any CPU.Build.0 = Debug|Any CPU
		{FDFDB332-7255-4E8D-82A6-0BDFA84EA464}.Debug|x86.ActiveCfg = Debug|Any CPU
		{FDFDB332-7255-4E8D-82A6-0BDFA84EA464}.Debug|x86.Build.0 = Debug|Any CPU
		{FDFDB332-7255-4E8D-82A6-0BDFA84EA464}.Release|Any CPU.ActiveCfg = Release|Any CPU
		{FDFDB332-7255-4E8D-82A6-0BDFA84EA464}.Release|Any CPU.Build.0 = Release|Any CPU
		{FDFDB332-7255-4E8D-82A6-0BDFA84EA464}.Release|x86.ActiveCfg = Release|Any CPU
		{FDFDB332-7255-4E8D-82A6-0BDFA84EA464}.Release|x86.Build.0 = Release|Any CPU
		{A9BAD5C3-B9F9-45C5-9B70-4908931CD612}.Debug|Any CPU.ActiveCfg = Debug|Any CPU
		{A9BAD5C3-B9F9-45C5-9B70-4908931CD612}.Debug|Any CPU.Build.0 = Debug|Any CPU
		{A9BAD5C3-B9F9-45C5-9B70-4908931CD612}.Debug|x86.ActiveCfg = Debug|Any CPU
		{A9BAD5C3-B9F9-45C5-9B70-4908931CD612}.Debug|x86.Build.0 = Debug|Any CPU
		{A9BAD5C3-B9F9-45C5-9B70-4908931CD612}.Release|Any CPU.ActiveCfg = Release|Any CPU
		{A9BAD5C3-B9F9-45C5-9B70-4908931CD612}.Release|Any CPU.Build.0 = Release|Any CPU
		{A9BAD5C3-B9F9-45C5-9B70-4908931CD612}.Release|x86.ActiveCfg = Release|Any CPU
		{A9BAD5C3-B9F9-45C5-9B70-4908931CD612}.Release|x86.Build.0 = Release|Any CPU
	EndGlobalSection
	GlobalSection(SolutionProperties) = preSolution
		HideSolutionNode = FALSE
	EndGlobalSection
	GlobalSection(NestedProjects) = preSolution
		{65089C80-27F1-4744-979B-4C5A33B0CFF6} = {3BD12D5F-431F-4C27-B5EC-5C7633A47BE1}
		{D47CF813-DE0E-4CC4-B9ED-8EE4B6F14869} = {4AAE4C5C-129D-46D3-9B08-19F32FB8C60D}
		{3AC213A8-201D-407E-9784-F418B664E206} = {21D18207-79FA-4F3E-BB78-7A3620F6978A}
		{FDFDB332-7255-4E8D-82A6-0BDFA84EA464} = {FF69FB35-AFA0-4F78-8394-ABE2F9F50157}
		{A9BAD5C3-B9F9-45C5-9B70-4908931CD612} = {3BD12D5F-431F-4C27-B5EC-5C7633A47BE1}
	EndGlobalSection
	GlobalSection(ExtensibilityGlobals) = postSolution
		SolutionGuid = {2ADFFEDA-B696-4E20-B271-75A90A920AF8}
	EndGlobalSection
EndGlobal
